
Microsoft Visual Studio Solution File, Format Version 12.00
# Visual Studio Version 17
VisualStudioVersion = 17.0.31903.59
MinimumVisualStudioVersion = 10.0.40219.1
Project("{2150E333-8FDC-42A3-9474-1A3956D46DE8}") = "src", "src", "{827E0CD3-B72D-47B6-A68D-7590B98EB39B}"
EndProject
Project("{FAE04EC0-301F-11D3-BF4B-00C04F79EFBC}") = "MonkeyShelter.Api", "src\MonkeyShelter.Api\MonkeyShelter.Api.csproj", "{49D2D1EC-705F-4382-9EFC-29C303581408}"
EndProject
Project("{FAE04EC0-301F-11D3-BF4B-00C04F79EFBC}") = "MonkeyShelter.Application", "src\MonkeyShelter.Application\MonkeyShelter.Application.csproj", "{5889A51E-0C44-44CD-B3AC-2854054C9908}"
EndProject
Project("{FAE04EC0-301F-11D3-BF4B-00C04F79EFBC}") = "MonkeyShelter.Auth", "src\MonkeyShelter.Auth\MonkeyShelter.Auth.csproj", "{F1F3637F-5642-466C-A65D-6B358DC8DCE2}"
EndProject
Project("{FAE04EC0-301F-11D3-BF4B-00C04F79EFBC}") = "MonkeyShelter.Domain", "src\MonkeyShelter.Domain\MonkeyShelter.Domain.csproj", "{C0B8DE1A-EC02-4926-B04F-29AA1DFEB84F}"
EndProject
Project("{FAE04EC0-301F-11D3-BF4B-00C04F79EFBC}") = "MonkeyShelter.Infrastructure", "src\MonkeyShelter.Infrastructure\MonkeyShelter.Infrastructure.csproj", "{28F9D1E9-4EA2-4CF0-A8F3-6BD09E4F3C40}"
EndProject
Project("{FAE04EC0-301F-11D3-BF4B-00C04F79EFBC}") = "MonkeyShelter.Worker.VetScheduler", "src\MonkeyShelter.Worker.VetScheduler\MonkeyShelter.Worker.VetScheduler.csproj", "{F0423BC2-2DD5-4BA3-A3F3-33E5BD42137E}"
EndProject
Project("{FAE04EC0-301F-11D3-BF4B-00C04F79EFBC}") = "MonkeyShelter.Audit", "src\MonkeyShelter.Audit\MonkeyShelter.Audit.csproj", "{AA476739-DABF-4096-9073-1F2B705CFFDF}"
EndProject
Project("{FAE04EC0-301F-11D3-BF4B-00C04F79EFBC}") = "MonkeyShelter.Reports", "src\MonkeyShelter.Reports\MonkeyShelter.Reports.csproj", "{781C223F-097D-4719-AD3E-5728160BB4CC}"
EndProject
Project("{2150E333-8FDC-42A3-9474-1A3956D46DE8}") = "tests", "tests", "{CEA09484-30F6-4D44-02F6-822E06DBC57C}"
EndProject
Project("{FAE04EC0-301F-11D3-BF4B-00C04F79EFBC}") = "MonkeyShelter.Application.Tests.Unit", "src\tests\MonkeyShelter.Application.Tests.Unit\MonkeyShelter.Application.Tests.Unit.csproj", "{1E725976-C2DD-4EA6-99C3-8008F4A7CBBB}"
EndProject
Project("{2150E333-8FDC-42A3-9474-1A3956D46DE8}") = "MonkeyShelter.Infrastructure.Tests.Integration", "MonkeyShelter.Infrastructure.Tests.Integration", "{07F5E25F-7700-2344-7825-E563E11B6987}"
EndProject
Project("{FAE04EC0-301F-11D3-BF4B-00C04F79EFBC}") = "MonkeyShelter.Infrastructure.Tests.Integration", "src\tests\MonkeyShelter.Infrastructure.Tests.Integration\MonkeyShelter.Infrastructure.Tests.Integration\MonkeyShelter.Infrastructure.Tests.Integration.csproj", "{1096E3A9-1A61-4D99-9907-22EA2DC8D4EB}"
EndProject
Global
	GlobalSection(SolutionConfigurationPlatforms) = preSolution
		Debug|Any CPU = Debug|Any CPU
		Debug|x64 = Debug|x64
		Debug|x86 = Debug|x86
		Release|Any CPU = Release|Any CPU
		Release|x64 = Release|x64
		Release|x86 = Release|x86
	EndGlobalSection
	GlobalSection(ProjectConfigurationPlatforms) = postSolution
		{49D2D1EC-705F-4382-9EFC-29C303581408}.Debug|Any CPU.ActiveCfg = Debug|Any CPU
		{49D2D1EC-705F-4382-9EFC-29C303581408}.Debug|Any CPU.Build.0 = Debug|Any CPU
		{49D2D1EC-705F-4382-9EFC-29C303581408}.Debug|x64.ActiveCfg = Debug|Any CPU
		{49D2D1EC-705F-4382-9EFC-29C303581408}.Debug|x64.Build.0 = Debug|Any CPU
		{49D2D1EC-705F-4382-9EFC-29C303581408}.Debug|x86.ActiveCfg = Debug|Any CPU
		{49D2D1EC-705F-4382-9EFC-29C303581408}.Debug|x86.Build.0 = Debug|Any CPU
		{49D2D1EC-705F-4382-9EFC-29C303581408}.Release|Any CPU.ActiveCfg = Release|Any CPU
		{49D2D1EC-705F-4382-9EFC-29C303581408}.Release|Any CPU.Build.0 = Release|Any CPU
		{49D2D1EC-705F-4382-9EFC-29C303581408}.Release|x64.ActiveCfg = Release|Any CPU
		{49D2D1EC-705F-4382-9EFC-29C303581408}.Release|x64.Build.0 = Release|Any CPU
		{49D2D1EC-705F-4382-9EFC-29C303581408}.Release|x86.ActiveCfg = Release|Any CPU
		{49D2D1EC-705F-4382-9EFC-29C303581408}.Release|x86.Build.0 = Release|Any CPU
		{5889A51E-0C44-44CD-B3AC-2854054C9908}.Debug|Any CPU.ActiveCfg = Debug|Any CPU
		{5889A51E-0C44-44CD-B3AC-2854054C9908}.Debug|Any CPU.Build.0 = Debug|Any CPU
		{5889A51E-0C44-44CD-B3AC-2854054C9908}.Debug|x64.ActiveCfg = Debug|Any CPU
		{5889A51E-0C44-44CD-B3AC-2854054C9908}.Debug|x64.Build.0 = Debug|Any CPU
		{5889A51E-0C44-44CD-B3AC-2854054C9908}.Debug|x86.ActiveCfg = Debug|Any CPU
		{5889A51E-0C44-44CD-B3AC-2854054C9908}.Debug|x86.Build.0 = Debug|Any CPU
		{5889A51E-0C44-44CD-B3AC-2854054C9908}.Release|Any CPU.ActiveCfg = Release|Any CPU
		{5889A51E-0C44-44CD-B3AC-2854054C9908}.Release|Any CPU.Build.0 = Release|Any CPU
		{5889A51E-0C44-44CD-B3AC-2854054C9908}.Release|x64.ActiveCfg = Release|Any CPU
		{5889A51E-0C44-44CD-B3AC-2854054C9908}.Release|x64.Build.0 = Release|Any CPU
		{5889A51E-0C44-44CD-B3AC-2854054C9908}.Release|x86.ActiveCfg = Release|Any CPU
		{5889A51E-0C44-44CD-B3AC-2854054C9908}.Release|x86.Build.0 = Release|Any CPU
		{F1F3637F-5642-466C-A65D-6B358DC8DCE2}.Debug|Any CPU.ActiveCfg = Debug|Any CPU
		{F1F3637F-5642-466C-A65D-6B358DC8DCE2}.Debug|Any CPU.Build.0 = Debug|Any CPU
		{F1F3637F-5642-466C-A65D-6B358DC8DCE2}.Debug|x64.ActiveCfg = Debug|Any CPU
		{F1F3637F-5642-466C-A65D-6B358DC8DCE2}.Debug|x64.Build.0 = Debug|Any CPU
		{F1F3637F-5642-466C-A65D-6B358DC8DCE2}.Debug|x86.ActiveCfg = Debug|Any CPU
		{F1F3637F-5642-466C-A65D-6B358DC8DCE2}.Debug|x86.Build.0 = Debug|Any CPU
		{F1F3637F-5642-466C-A65D-6B358DC8DCE2}.Release|Any CPU.ActiveCfg = Release|Any CPU
		{F1F3637F-5642-466C-A65D-6B358DC8DCE2}.Release|Any CPU.Build.0 = Release|Any CPU
		{F1F3637F-5642-466C-A65D-6B358DC8DCE2}.Release|x64.ActiveCfg = Release|Any CPU
		{F1F3637F-5642-466C-A65D-6B358DC8DCE2}.Release|x64.Build.0 = Release|Any CPU
		{F1F3637F-5642-466C-A65D-6B358DC8DCE2}.Release|x86.ActiveCfg = Release|Any CPU
		{F1F3637F-5642-466C-A65D-6B358DC8DCE2}.Release|x86.Build.0 = Release|Any CPU
		{C0B8DE1A-EC02-4926-B04F-29AA1DFEB84F}.Debug|Any CPU.ActiveCfg = Debug|Any CPU
		{C0B8DE1A-EC02-4926-B04F-29AA1DFEB84F}.Debug|Any CPU.Build.0 = Debug|Any CPU
		{C0B8DE1A-EC02-4926-B04F-29AA1DFEB84F}.Debug|x64.ActiveCfg = Debug|Any CPU
		{C0B8DE1A-EC02-4926-B04F-29AA1DFEB84F}.Debug|x64.Build.0 = Debug|Any CPU
		{C0B8DE1A-EC02-4926-B04F-29AA1DFEB84F}.Debug|x86.ActiveCfg = Debug|Any CPU
		{C0B8DE1A-EC02-4926-B04F-29AA1DFEB84F}.Debug|x86.Build.0 = Debug|Any CPU
		{C0B8DE1A-EC02-4926-B04F-29AA1DFEB84F}.Release|Any CPU.ActiveCfg = Release|Any CPU
		{C0B8DE1A-EC02-4926-B04F-29AA1DFEB84F}.Release|Any CPU.Build.0 = Release|Any CPU
		{C0B8DE1A-EC02-4926-B04F-29AA1DFEB84F}.Release|x64.ActiveCfg = Release|Any CPU
		{C0B8DE1A-EC02-4926-B04F-29AA1DFEB84F}.Release|x64.Build.0 = Release|Any CPU
		{C0B8DE1A-EC02-4926-B04F-29AA1DFEB84F}.Release|x86.ActiveCfg = Release|Any CPU
		{C0B8DE1A-EC02-4926-B04F-29AA1DFEB84F}.Release|x86.Build.0 = Release|Any CPU
		{28F9D1E9-4EA2-4CF0-A8F3-6BD09E4F3C40}.Debug|Any CPU.ActiveCfg = Debug|Any CPU
		{28F9D1E9-4EA2-4CF0-A8F3-6BD09E4F3C40}.Debug|Any CPU.Build.0 = Debug|Any CPU
		{28F9D1E9-4EA2-4CF0-A8F3-6BD09E4F3C40}.Debug|x64.ActiveCfg = Debug|Any CPU
		{28F9D1E9-4EA2-4CF0-A8F3-6BD09E4F3C40}.Debug|x64.Build.0 = Debug|Any CPU
		{28F9D1E9-4EA2-4CF0-A8F3-6BD09E4F3C40}.Debug|x86.ActiveCfg = Debug|Any CPU
		{28F9D1E9-4EA2-4CF0-A8F3-6BD09E4F3C40}.Debug|x86.Build.0 = Debug|Any CPU
		{28F9D1E9-4EA2-4CF0-A8F3-6BD09E4F3C40}.Release|Any CPU.ActiveCfg = Release|Any CPU
		{28F9D1E9-4EA2-4CF0-A8F3-6BD09E4F3C40}.Release|Any CPU.Build.0 = Release|Any CPU
		{28F9D1E9-4EA2-4CF0-A8F3-6BD09E4F3C40}.Release|x64.ActiveCfg = Release|Any CPU
		{28F9D1E9-4EA2-4CF0-A8F3-6BD09E4F3C40}.Release|x64.Build.0 = Release|Any CPU
		{28F9D1E9-4EA2-4CF0-A8F3-6BD09E4F3C40}.Release|x86.ActiveCfg = Release|Any CPU
		{28F9D1E9-4EA2-4CF0-A8F3-6BD09E4F3C40}.Release|x86.Build.0 = Release|Any CPU
		{F0423BC2-2DD5-4BA3-A3F3-33E5BD42137E}.Debug|Any CPU.ActiveCfg = Debug|Any CPU
		{F0423BC2-2DD5-4BA3-A3F3-33E5BD42137E}.Debug|Any CPU.Build.0 = Debug|Any CPU
		{F0423BC2-2DD5-4BA3-A3F3-33E5BD42137E}.Debug|x64.ActiveCfg = Debug|Any CPU
		{F0423BC2-2DD5-4BA3-A3F3-33E5BD42137E}.Debug|x64.Build.0 = Debug|Any CPU
		{F0423BC2-2DD5-4BA3-A3F3-33E5BD42137E}.Debug|x86.ActiveCfg = Debug|Any CPU
		{F0423BC2-2DD5-4BA3-A3F3-33E5BD42137E}.Debug|x86.Build.0 = Debug|Any CPU
		{F0423BC2-2DD5-4BA3-A3F3-33E5BD42137E}.Release|Any CPU.ActiveCfg = Release|Any CPU
		{F0423BC2-2DD5-4BA3-A3F3-33E5BD42137E}.Release|Any CPU.Build.0 = Release|Any CPU
		{F0423BC2-2DD5-4BA3-A3F3-33E5BD42137E}.Release|x64.ActiveCfg = Release|Any CPU
		{F0423BC2-2DD5-4BA3-A3F3-33E5BD42137E}.Release|x64.Build.0 = Release|Any CPU
		{F0423BC2-2DD5-4BA3-A3F3-33E5BD42137E}.Release|x86.ActiveCfg = Release|Any CPU
		{F0423BC2-2DD5-4BA3-A3F3-33E5BD42137E}.Release|x86.Build.0 = Release|Any CPU
		{AA476739-DABF-4096-9073-1F2B705CFFDF}.Debug|Any CPU.ActiveCfg = Debug|Any CPU
		{AA476739-DABF-4096-9073-1F2B705CFFDF}.Debug|Any CPU.Build.0 = Debug|Any CPU
		{AA476739-DABF-4096-9073-1F2B705CFFDF}.Debug|x64.ActiveCfg = Debug|Any CPU
		{AA476739-DABF-4096-9073-1F2B705CFFDF}.Debug|x64.Build.0 = Debug|Any CPU
		{AA476739-DABF-4096-9073-1F2B705CFFDF}.Debug|x86.ActiveCfg = Debug|Any CPU
		{AA476739-DABF-4096-9073-1F2B705CFFDF}.Debug|x86.Build.0 = Debug|Any CPU
		{AA476739-DABF-4096-9073-1F2B705CFFDF}.Release|Any CPU.ActiveCfg = Release|Any CPU
		{AA476739-DABF-4096-9073-1F2B705CFFDF}.Release|Any CPU.Build.0 = Release|Any CPU
		{AA476739-DABF-4096-9073-1F2B705CFFDF}.Release|x64.ActiveCfg = Release|Any CPU
		{AA476739-DABF-4096-9073-1F2B705CFFDF}.Release|x64.Build.0 = Release|Any CPU
		{AA476739-DABF-4096-9073-1F2B705CFFDF}.Release|x86.ActiveCfg = Release|Any CPU
		{AA476739-DABF-4096-9073-1F2B705CFFDF}.Release|x86.Build.0 = Release|Any CPU
		{781C223F-097D-4719-AD3E-5728160BB4CC}.Debug|Any CPU.ActiveCfg = Debug|Any CPU
		{781C223F-097D-4719-AD3E-5728160BB4CC}.Debug|Any CPU.Build.0 = Debug|Any CPU
		{781C223F-097D-4719-AD3E-5728160BB4CC}.Debug|x64.ActiveCfg = Debug|Any CPU
		{781C223F-097D-4719-AD3E-5728160BB4CC}.Debug|x64.Build.0 = Debug|Any CPU
		{781C223F-097D-4719-AD3E-5728160BB4CC}.Debug|x86.ActiveCfg = Debug|Any CPU
		{781C223F-097D-4719-AD3E-5728160BB4CC}.Debug|x86.Build.0 = Debug|Any CPU
		{781C223F-097D-4719-AD3E-5728160BB4CC}.Release|Any CPU.ActiveCfg = Release|Any CPU
		{781C223F-097D-4719-AD3E-5728160BB4CC}.Release|Any CPU.Build.0 = Release|Any CPU
		{781C223F-097D-4719-AD3E-5728160BB4CC}.Release|x64.ActiveCfg = Release|Any CPU
		{781C223F-097D-4719-AD3E-5728160BB4CC}.Release|x64.Build.0 = Release|Any CPU
		{781C223F-097D-4719-AD3E-5728160BB4CC}.Release|x86.ActiveCfg = Release|Any CPU
		{781C223F-097D-4719-AD3E-5728160BB4CC}.Release|x86.Build.0 = Release|Any CPU
		{1E725976-C2DD-4EA6-99C3-8008F4A7CBBB}.Debug|Any CPU.ActiveCfg = Debug|Any CPU
		{1E725976-C2DD-4EA6-99C3-8008F4A7CBBB}.Debug|Any CPU.Build.0 = Debug|Any CPU
		{1E725976-C2DD-4EA6-99C3-8008F4A7CBBB}.Debug|x64.ActiveCfg = Debug|Any CPU
		{1E725976-C2DD-4EA6-99C3-8008F4A7CBBB}.Debug|x64.Build.0 = Debug|Any CPU
		{1E725976-C2DD-4EA6-99C3-8008F4A7CBBB}.Debug|x86.ActiveCfg = Debug|Any CPU
		{1E725976-C2DD-4EA6-99C3-8008F4A7CBBB}.Debug|x86.Build.0 = Debug|Any CPU
		{1E725976-C2DD-4EA6-99C3-8008F4A7CBBB}.Release|Any CPU.ActiveCfg = Release|Any CPU
		{1E725976-C2DD-4EA6-99C3-8008F4A7CBBB}.Release|Any CPU.Build.0 = Release|Any CPU
		{1E725976-C2DD-4EA6-99C3-8008F4A7CBBB}.Release|x64.ActiveCfg = Release|Any CPU
		{1E725976-C2DD-4EA6-99C3-8008F4A7CBBB}.Release|x64.Build.0 = Release|Any CPU
		{1E725976-C2DD-4EA6-99C3-8008F4A7CBBB}.Release|x86.ActiveCfg = Release|Any CPU
		{1E725976-C2DD-4EA6-99C3-8008F4A7CBBB}.Release|x86.Build.0 = Release|Any CPU
		{1096E3A9-1A61-4D99-9907-22EA2DC8D4EB}.Debug|Any CPU.ActiveCfg = Debug|Any CPU
		{1096E3A9-1A61-4D99-9907-22EA2DC8D4EB}.Debug|Any CPU.Build.0 = Debug|Any CPU
		{1096E3A9-1A61-4D99-9907-22EA2DC8D4EB}.Debug|x64.ActiveCfg = Debug|Any CPU
		{1096E3A9-1A61-4D99-9907-22EA2DC8D4EB}.Debug|x64.Build.0 = Debug|Any CPU
		{1096E3A9-1A61-4D99-9907-22EA2DC8D4EB}.Debug|x86.ActiveCfg = Debug|Any CPU
		{1096E3A9-1A61-4D99-9907-22EA2DC8D4EB}.Debug|x86.Build.0 = Debug|Any CPU
		{1096E3A9-1A61-4D99-9907-22EA2DC8D4EB}.Release|Any CPU.ActiveCfg = Release|Any CPU
		{1096E3A9-1A61-4D99-9907-22EA2DC8D4EB}.Release|Any CPU.Build.0 = Release|Any CPU
		{1096E3A9-1A61-4D99-9907-22EA2DC8D4EB}.Release|x64.ActiveCfg = Release|Any CPU
		{1096E3A9-1A61-4D99-9907-22EA2DC8D4EB}.Release|x64.Build.0 = Release|Any CPU
		{1096E3A9-1A61-4D99-9907-22EA2DC8D4EB}.Release|x86.ActiveCfg = Release|Any CPU
		{1096E3A9-1A61-4D99-9907-22EA2DC8D4EB}.Release|x86.Build.0 = Release|Any CPU
	EndGlobalSection
	GlobalSection(SolutionProperties) = preSolution
		HideSolutionNode = FALSE
	EndGlobalSection
	GlobalSection(NestedProjects) = preSolution
		{49D2D1EC-705F-4382-9EFC-29C303581408} = {827E0CD3-B72D-47B6-A68D-7590B98EB39B}
		{5889A51E-0C44-44CD-B3AC-2854054C9908} = {827E0CD3-B72D-47B6-A68D-7590B98EB39B}
		{F1F3637F-5642-466C-A65D-6B358DC8DCE2} = {827E0CD3-B72D-47B6-A68D-7590B98EB39B}
		{C0B8DE1A-EC02-4926-B04F-29AA1DFEB84F} = {827E0CD3-B72D-47B6-A68D-7590B98EB39B}
		{28F9D1E9-4EA2-4CF0-A8F3-6BD09E4F3C40} = {827E0CD3-B72D-47B6-A68D-7590B98EB39B}
		{F0423BC2-2DD5-4BA3-A3F3-33E5BD42137E} = {827E0CD3-B72D-47B6-A68D-7590B98EB39B}
		{AA476739-DABF-4096-9073-1F2B705CFFDF} = {827E0CD3-B72D-47B6-A68D-7590B98EB39B}
		{781C223F-097D-4719-AD3E-5728160BB4CC} = {827E0CD3-B72D-47B6-A68D-7590B98EB39B}
		{CEA09484-30F6-4D44-02F6-822E06DBC57C} = {827E0CD3-B72D-47B6-A68D-7590B98EB39B}
		{1E725976-C2DD-4EA6-99C3-8008F4A7CBBB} = {CEA09484-30F6-4D44-02F6-822E06DBC57C}
		{07F5E25F-7700-2344-7825-E563E11B6987} = {CEA09484-30F6-4D44-02F6-822E06DBC57C}
		{1096E3A9-1A61-4D99-9907-22EA2DC8D4EB} = {07F5E25F-7700-2344-7825-E563E11B6987}
	EndGlobalSection
EndGlobal
